
Microsoft Visual Studio Solution File, Format Version 12.00
# Visual Studio Version 17
VisualStudioVersion = 17.2.32616.157
MinimumVisualStudioVersion = 10.0.40219.1
Project("{FAE04EC0-301F-11D3-BF4B-00C04F79EFBC}") = "bibliotecaScolastica", "bibliotecaScolastica\bibliotecaScolastica.csproj", "{E2518967-DED8-4B6F-9C41-F8B5B39B9F0C}"
EndProject
Global
	GlobalSection(SolutionConfigurationPlatforms) = preSolution
		Debug|Any CPU = Debug|Any CPU
		Release|Any CPU = Release|Any CPU
	EndGlobalSection
	GlobalSection(ProjectConfigurationPlatforms) = postSolution
		{E2518967-DED8-4B6F-9C41-F8B5B39B9F0C}.Debug|Any CPU.ActiveCfg = Debug|Any CPU
		{E2518967-DED8-4B6F-9C41-F8B5B39B9F0C}.Debug|Any CPU.Build.0 = Debug|Any CPU
		{E2518967-DED8-4B6F-9C41-F8B5B39B9F0C}.Release|Any CPU.ActiveCfg = Release|Any CPU
		{E2518967-DED8-4B6F-9C41-F8B5B39B9F0C}.Release|Any CPU.Build.0 = Release|Any CPU
	EndGlobalSection
	GlobalSection(SolutionProperties) = preSolution
		HideSolutionNode = FALSE
	EndGlobalSection
	GlobalSection(ExtensibilityGlobals) = postSolution
		SolutionGuid = {AAD121DB-B7D6-425C-A629-53E9892D3955}
	EndGlobalSection
EndGlobal
